{
    "_readme": [
        "This file locks the dependencies of your project to a known state",
        "Read more about it at https://getcomposer.org/doc/01-basic-usage.md#composer-lock-the-lock-file",
        "This file is @generated automatically"
    ],
    "hash": "663ec0e7dc48fcce195bb1662ff2b66a",
    "content-hash": "9f8deb0a98648b9b8e017d926f079a41",
    "packages": [
        {
            "name": "alchemy/zippy",
            "version": "0.4.1",
            "source": {
                "type": "git",
                "url": "https://github.com/alchemy-fr/Zippy.git",
                "reference": "b0316a0aeaf0a7123cdc4adf092157d0576bdd1a"
            },
            "dist": {
                "type": "zip",
                "url": "https://api.github.com/repos/alchemy-fr/Zippy/zipball/b0316a0aeaf0a7123cdc4adf092157d0576bdd1a",
                "reference": "b0316a0aeaf0a7123cdc4adf092157d0576bdd1a",
                "shasum": ""
            },
            "require": {
                "doctrine/collections": "~1.0",
                "ext-mbstring": "*",
                "php": ">=5.5",
                "symfony/filesystem": "^2.0.5|^3.0",
                "symfony/process": "^2.1|^3.0"
            },
            "require-dev": {
                "ext-zip": "*",
                "guzzle/guzzle": "~3.0",
                "guzzlehttp/guzzle": "^6.0",
                "phpunit/phpunit": "^4.0|^5.0",
                "symfony/finder": "^2.0.5|^3.0"
            },
            "suggest": {
                "ext-zip": "To use the ZipExtensionAdapter",
                "guzzle/guzzle": "To use the GuzzleTeleporter with Guzzle 3",
                "guzzlehttp/guzzle": "To use the GuzzleTeleporter with Guzzle 6"
            },
            "type": "library",
            "extra": {
                "branch-alias": {
                    "dev-master": "0.4.x-dev"
                }
            },
            "autoload": {
                "psr-4": {
                    "Alchemy\\Zippy\\": "src/"
                }
            },
            "notification-url": "https://packagist.org/downloads/",
            "license": [
                "MIT"
            ],
            "authors": [
                {
                    "name": "Alchemy",
                    "email": "dev.team@alchemy.fr",
                    "homepage": "http://www.alchemy.fr/"
                }
            ],
            "description": "Zippy, the archive manager companion",
            "keywords": [
                "bzip",
                "compression",
                "tar",
                "zip"
            ],
            "time": "2016-08-05 10:07:43"
        },
        {
            "name": "doctrine/collections",
            "version": "v1.3.0",
            "source": {
                "type": "git",
                "url": "https://github.com/doctrine/collections.git",
                "reference": "6c1e4eef75f310ea1b3e30945e9f06e652128b8a"
            },
            "dist": {
                "type": "zip",
                "url": "https://api.github.com/repos/doctrine/collections/zipball/6c1e4eef75f310ea1b3e30945e9f06e652128b8a",
                "reference": "6c1e4eef75f310ea1b3e30945e9f06e652128b8a",
                "shasum": ""
            },
            "require": {
                "php": ">=5.3.2"
            },
            "require-dev": {
                "phpunit/phpunit": "~4.0"
            },
            "type": "library",
            "extra": {
                "branch-alias": {
                    "dev-master": "1.2.x-dev"
                }
            },
            "autoload": {
                "psr-0": {
                    "Doctrine\\Common\\Collections\\": "lib/"
                }
            },
            "notification-url": "https://packagist.org/downloads/",
            "license": [
                "MIT"
            ],
            "authors": [
                {
                    "name": "Roman Borschel",
                    "email": "roman@code-factory.org"
                },
                {
                    "name": "Benjamin Eberlei",
                    "email": "kontakt@beberlei.de"
                },
                {
                    "name": "Guilherme Blanco",
                    "email": "guilhermeblanco@gmail.com"
                },
                {
                    "name": "Jonathan Wage",
                    "email": "jonwage@gmail.com"
                },
                {
                    "name": "Johannes Schmitt",
                    "email": "schmittjoh@gmail.com"
                }
            ],
            "description": "Collections Abstraction library",
            "homepage": "http://www.doctrine-project.org",
            "keywords": [
                "array",
                "collections",
                "iterator"
            ],
            "time": "2015-04-14 22:21:58"
        },
        {
            "name": "league/flysystem",
            "version": "1.0.26",
            "source": {
                "type": "git",
                "url": "https://github.com/thephpleague/flysystem.git",
                "reference": "fb3b30dca320b36931ea878fea17ebe136fba1b0"
            },
            "dist": {
                "type": "zip",
                "url": "https://api.github.com/repos/thephpleague/flysystem/zipball/fb3b30dca320b36931ea878fea17ebe136fba1b0",
                "reference": "fb3b30dca320b36931ea878fea17ebe136fba1b0",
                "shasum": ""
            },
            "require": {
                "php": ">=5.4.0"
            },
            "conflict": {
                "league/flysystem-sftp": "<1.0.6"
            },
            "require-dev": {
                "ext-fileinfo": "*",
                "mockery/mockery": "~0.9",
                "phpspec/phpspec": "^2.2",
                "phpunit/phpunit": "~4.8"
            },
            "suggest": {
                "ext-fileinfo": "Required for MimeType",
                "league/flysystem-aws-s3-v2": "Allows you to use S3 storage with AWS SDK v2",
                "league/flysystem-aws-s3-v3": "Allows you to use S3 storage with AWS SDK v3",
                "league/flysystem-azure": "Allows you to use Windows Azure Blob storage",
                "league/flysystem-cached-adapter": "Flysystem adapter decorator for metadata caching",
                "league/flysystem-copy": "Allows you to use Copy.com storage",
                "league/flysystem-dropbox": "Allows you to use Dropbox storage",
                "league/flysystem-eventable-filesystem": "Allows you to use EventableFilesystem",
                "league/flysystem-rackspace": "Allows you to use Rackspace Cloud Files",
                "league/flysystem-sftp": "Allows you to use SFTP server storage via phpseclib",
                "league/flysystem-webdav": "Allows you to use WebDAV storage",
                "league/flysystem-ziparchive": "Allows you to use ZipArchive adapter"
            },
            "type": "library",
            "extra": {
                "branch-alias": {
                    "dev-master": "1.1-dev"
                }
            },
            "autoload": {
                "psr-4": {
                    "League\\Flysystem\\": "src/"
                }
            },
            "notification-url": "https://packagist.org/downloads/",
            "license": [
                "MIT"
            ],
            "authors": [
                {
                    "name": "Frank de Jonge",
                    "email": "info@frenky.net"
                }
            ],
            "description": "Filesystem abstraction: Many filesystems, one API.",
            "keywords": [
                "Cloud Files",
                "WebDAV",
                "abstraction",
                "aws",
                "cloud",
                "copy.com",
                "dropbox",
                "file systems",
                "files",
                "filesystem",
                "filesystems",
                "ftp",
                "rackspace",
                "remote",
                "s3",
                "sftp",
                "storage"
            ],
            "time": "2016-08-03 09:49:11"
        },
        {
            "name": "symfony/filesystem",
            "version": "v3.1.3",
            "source": {
                "type": "git",
                "url": "https://github.com/symfony/filesystem.git",
                "reference": "bb29adceb552d202b6416ede373529338136e84f"
            },
            "dist": {
                "type": "zip",
                "url": "https://api.github.com/repos/symfony/filesystem/zipball/bb29adceb552d202b6416ede373529338136e84f",
                "reference": "bb29adceb552d202b6416ede373529338136e84f",
                "shasum": ""
            },
            "require": {
                "php": ">=5.5.9"
            },
            "type": "library",
            "extra": {
                "branch-alias": {
                    "dev-master": "3.1-dev"
                }
            },
            "autoload": {
                "psr-4": {
                    "Symfony\\Component\\Filesystem\\": ""
                },
                "exclude-from-classmap": [
                    "/Tests/"
                ]
            },
            "notification-url": "https://packagist.org/downloads/",
            "license": [
                "MIT"
            ],
            "authors": [
                {
                    "name": "Fabien Potencier",
                    "email": "fabien@symfony.com"
                },
                {
                    "name": "Symfony Community",
                    "homepage": "https://symfony.com/contributors"
                }
            ],
            "description": "Symfony Filesystem Component",
            "homepage": "https://symfony.com",
            "time": "2016-07-20 05:44:26"
        },
        {
            "name": "symfony/process",
            "version": "v3.1.3",
            "source": {
                "type": "git",
                "url": "https://github.com/symfony/process.git",
                "reference": "04c2dfaae4ec56a5c677b0c69fac34637d815758"
            },
            "dist": {
                "type": "zip",
                "url": "https://api.github.com/repos/symfony/process/zipball/04c2dfaae4ec56a5c677b0c69fac34637d815758",
                "reference": "04c2dfaae4ec56a5c677b0c69fac34637d815758",
                "shasum": ""
            },
            "require": {
                "php": ">=5.5.9"
            },
            "type": "library",
            "extra": {
                "branch-alias": {
                    "dev-master": "3.1-dev"
                }
            },
            "autoload": {
                "psr-4": {
                    "Symfony\\Component\\Process\\": ""
                },
                "exclude-from-classmap": [
                    "/Tests/"
                ]
            },
            "notification-url": "https://packagist.org/downloads/",
            "license": [
                "MIT"
            ],
            "authors": [
                {
                    "name": "Fabien Potencier",
                    "email": "fabien@symfony.com"
                },
                {
                    "name": "Symfony Community",
                    "homepage": "https://symfony.com/contributors"
                }
            ],
            "description": "Symfony Process Component",
            "homepage": "https://symfony.com",
            "time": "2016-07-28 11:13:48"
        },
        {
            "name": "touki/ftp",
            "version": "v1.2.0",
            "source": {
                "type": "git",
                "url": "https://github.com/touki653/php-ftp-wrapper.git",
                "reference": "c4ddbc5ef286f02229ef379090fb2c3381da9cc5"
            },
            "dist": {
                "type": "zip",
                "url": "https://api.github.com/repos/touki653/php-ftp-wrapper/zipball/c4ddbc5ef286f02229ef379090fb2c3381da9cc5",
                "reference": "c4ddbc5ef286f02229ef379090fb2c3381da9cc5",
                "shasum": ""
            },
            "require": {
                "php": ">=5.3.2"
            },
            "type": "library",
            "autoload": {
                "psr-0": {
                    "Touki\\FTP": [
                        "lib/",
                        "tests/"
                    ]
                }
            },
            "notification-url": "https://packagist.org/downloads/",
            "license": [
                "MIT"
            ],
            "authors": [
                {
                    "name": "Touki",
                    "email": "g.vincendon@vithemis.com"
                }
            ],
            "description": "A fully object oriented library for PHP FTP functions",
            "time": "2015-11-19 12:14:51"
        }
    ],
    "packages-dev": [],
    "aliases": [],
    "minimum-stability": "stable",
    "stability-flags": [],
    "prefer-stable": false,
    "prefer-lowest": false,
    "platform": [],
    "platform-dev": []
}
